
Microsoft Visual Studio Solution File, Format Version 12.00
# Visual Studio 2012
Project("{FAE04EC0-301F-11D3-BF4B-00C04F79EFBC}") = "ExampleWinForm", "ExampleWinForm\ExampleWinForm.csproj", "{7870CEC7-1E96-4176-ADDC-3DF04214997E}"
EndProject
Global
	GlobalSection(SolutionConfigurationPlatforms) = preSolution
		Debug|Any CPU = Debug|Any CPU
		Release|Any CPU = Release|Any CPU
	EndGlobalSection
	GlobalSection(ProjectConfigurationPlatforms) = postSolution
		{7870CEC7-1E96-4176-ADDC-3DF04214997E}.Debug|Any CPU.ActiveCfg = Debug|Any CPU
		{7870CEC7-1E96-4176-ADDC-3DF04214997E}.Debug|Any CPU.Build.0 = Debug|Any CPU
		{7870CEC7-1E96-4176-ADDC-3DF04214997E}.Release|Any CPU.ActiveCfg = Release|Any CPU
		{7870CEC7-1E96-4176-ADDC-3DF04214997E}.Release|Any CPU.Build.0 = Release|Any CPU
	EndGlobalSection
	GlobalSection(SolutionProperties) = preSolution
		HideSolutionNode = FALSE
	EndGlobalSection
EndGlobal
