
Microsoft Visual Studio Solution File, Format Version 12.00
# Visual Studio 2012
Project("{FAE04EC0-301F-11D3-BF4B-00C04F79EFBC}") = "EmployeeEntityDataAccess", "EmployeeEntityDataAccess\EmployeeEntityDataAccess.csproj", "{16DBAEC5-3D25-4271-928B-2E70807C6C39}"
EndProject
Project("{FAE04EC0-301F-11D3-BF4B-00C04F79EFBC}") = "EmployeePresention", "EmployeePresention\EmployeePresention.csproj", "{E3D34512-EAD4-4606-97CB-F7738D735D30}"
EndProject
Project("{FAE04EC0-301F-11D3-BF4B-00C04F79EFBC}") = "EmployMvcPresentation", "EmployMvcPresentation\EmployMvcPresentation.csproj", "{596B4133-EE54-4491-A514-2684027021AA}"
	ProjectSection(ProjectDependencies) = postProject
		{C80BD84C-ABB2-48A9-BABD-F2E5EC35C3C7} = {C80BD84C-ABB2-48A9-BABD-F2E5EC35C3C7}
	EndProjectSection
EndProject
Project("{FAE04EC0-301F-11D3-BF4B-00C04F79EFBC}") = "EmployeeDataAccessService", "EmployeeDataAccessService\EmployeeDataAccessService.csproj", "{C80BD84C-ABB2-48A9-BABD-F2E5EC35C3C7}"
EndProject
Global
	GlobalSection(SolutionConfigurationPlatforms) = preSolution
		Debug|Any CPU = Debug|Any CPU
		Release|Any CPU = Release|Any CPU
	EndGlobalSection
	GlobalSection(ProjectConfigurationPlatforms) = postSolution
		{16DBAEC5-3D25-4271-928B-2E70807C6C39}.Debug|Any CPU.ActiveCfg = Debug|Any CPU
		{16DBAEC5-3D25-4271-928B-2E70807C6C39}.Debug|Any CPU.Build.0 = Debug|Any CPU
		{16DBAEC5-3D25-4271-928B-2E70807C6C39}.Release|Any CPU.ActiveCfg = Release|Any CPU
		{16DBAEC5-3D25-4271-928B-2E70807C6C39}.Release|Any CPU.Build.0 = Release|Any CPU
		{E3D34512-EAD4-4606-97CB-F7738D735D30}.Debug|Any CPU.ActiveCfg = Debug|Any CPU
		{E3D34512-EAD4-4606-97CB-F7738D735D30}.Debug|Any CPU.Build.0 = Debug|Any CPU
		{E3D34512-EAD4-4606-97CB-F7738D735D30}.Release|Any CPU.ActiveCfg = Release|Any CPU
		{E3D34512-EAD4-4606-97CB-F7738D735D30}.Release|Any CPU.Build.0 = Release|Any CPU
		{596B4133-EE54-4491-A514-2684027021AA}.Debug|Any CPU.ActiveCfg = Debug|Any CPU
		{596B4133-EE54-4491-A514-2684027021AA}.Debug|Any CPU.Build.0 = Debug|Any CPU
		{596B4133-EE54-4491-A514-2684027021AA}.Release|Any CPU.ActiveCfg = Release|Any CPU
		{596B4133-EE54-4491-A514-2684027021AA}.Release|Any CPU.Build.0 = Release|Any CPU
		{C80BD84C-ABB2-48A9-BABD-F2E5EC35C3C7}.Debug|Any CPU.ActiveCfg = Debug|Any CPU
		{C80BD84C-ABB2-48A9-BABD-F2E5EC35C3C7}.Debug|Any CPU.Build.0 = Debug|Any CPU
		{C80BD84C-ABB2-48A9-BABD-F2E5EC35C3C7}.Release|Any CPU.ActiveCfg = Release|Any CPU
		{C80BD84C-ABB2-48A9-BABD-F2E5EC35C3C7}.Release|Any CPU.Build.0 = Release|Any CPU
	EndGlobalSection
	GlobalSection(SolutionProperties) = preSolution
		HideSolutionNode = FALSE
	EndGlobalSection
EndGlobal
